
Microsoft Visual Studio Solution File, Format Version 12.00
# Visual Studio 15
VisualStudioVersion = 15.0.28307.1433
MinimumVisualStudioVersion = 10.0.40219.1
Project("{FAE04EC0-301F-11D3-BF4B-00C04F79EFBC}") = "WpfApp1", "WpfApp1\WpfApp1.csproj", "{78151C10-A262-4CD9-86CC-F925BEDAFFBD}"
EndProject
Global
	GlobalSection(SolutionConfigurationPlatforms) = preSolution
		Debug|Any CPU = Debug|Any CPU
		Release|Any CPU = Release|Any CPU
	EndGlobalSection
	GlobalSection(ProjectConfigurationPlatforms) = postSolution
		{78151C10-A262-4CD9-86CC-F925BEDAFFBD}.Debug|Any CPU.ActiveCfg = Debug|Any CPU
		{78151C10-A262-4CD9-86CC-F925BEDAFFBD}.Debug|Any CPU.Build.0 = Debug|Any CPU
		{78151C10-A262-4CD9-86CC-F925BEDAFFBD}.Release|Any CPU.ActiveCfg = Release|Any CPU
		{78151C10-A262-4CD9-86CC-F925BEDAFFBD}.Release|Any CPU.Build.0 = Release|Any CPU
	EndGlobalSection
	GlobalSection(SolutionProperties) = preSolution
		HideSolutionNode = FALSE
	EndGlobalSection
	GlobalSection(ExtensibilityGlobals) = postSolution
		SolutionGuid = {8118BEA5-2DF3-481A-973F-EA2831D5ACF3}
	EndGlobalSection
EndGlobal
